
Microsoft Visual Studio Solution File, Format Version 12.00
# Visual Studio 15
VisualStudioVersion = 15.0.27004.2006
MinimumVisualStudioVersion = 10.0.40219.1
Project("{FAE04EC0-301F-11D3-BF4B-00C04F79EFBC}") = "Sudoku Solver", "Sudoku Solver\Sudoku Solver.csproj", "{20C896A6-9F3B-409A-BCEC-74CEF80FDC54}"
EndProject
Project("{FAE04EC0-301F-11D3-BF4B-00C04F79EFBC}") = "CombinationFinder", "CombinationFinder\CombinationFinder.csproj", "{D1193662-6EE5-44DB-AE89-35D74885C407}"
EndProject
Project("{FAE04EC0-301F-11D3-BF4B-00C04F79EFBC}") = "QueueTest", "QueueTest\QueueTest.csproj", "{7B395969-D3DC-4AA5-9849-848E2622666E}"
EndProject
Project("{FAE04EC0-301F-11D3-BF4B-00C04F79EFBC}") = "UITesting", "UITesting\UITesting.csproj", "{D9B4B580-0BE2-4A4F-B116-925B96EAFE53}"
EndProject
Project("{FAE04EC0-301F-11D3-BF4B-00C04F79EFBC}") = "SpecficComboFinder", "SpecficComboFinder\SpecficComboFinder.csproj", "{FE8DC5E3-D002-47C3-8443-02E00CCEB15D}"
EndProject
Global
	GlobalSection(SolutionConfigurationPlatforms) = preSolution
		Debug|Any CPU = Debug|Any CPU
		Release|Any CPU = Release|Any CPU
	EndGlobalSection
	GlobalSection(ProjectConfigurationPlatforms) = postSolution
		{20C896A6-9F3B-409A-BCEC-74CEF80FDC54}.Debug|Any CPU.ActiveCfg = Debug|Any CPU
		{20C896A6-9F3B-409A-BCEC-74CEF80FDC54}.Debug|Any CPU.Build.0 = Debug|Any CPU
		{20C896A6-9F3B-409A-BCEC-74CEF80FDC54}.Release|Any CPU.ActiveCfg = Release|Any CPU
		{20C896A6-9F3B-409A-BCEC-74CEF80FDC54}.Release|Any CPU.Build.0 = Release|Any CPU
		{D1193662-6EE5-44DB-AE89-35D74885C407}.Debug|Any CPU.ActiveCfg = Debug|Any CPU
		{D1193662-6EE5-44DB-AE89-35D74885C407}.Debug|Any CPU.Build.0 = Debug|Any CPU
		{D1193662-6EE5-44DB-AE89-35D74885C407}.Release|Any CPU.ActiveCfg = Release|Any CPU
		{D1193662-6EE5-44DB-AE89-35D74885C407}.Release|Any CPU.Build.0 = Release|Any CPU
		{7B395969-D3DC-4AA5-9849-848E2622666E}.Debug|Any CPU.ActiveCfg = Debug|Any CPU
		{7B395969-D3DC-4AA5-9849-848E2622666E}.Debug|Any CPU.Build.0 = Debug|Any CPU
		{7B395969-D3DC-4AA5-9849-848E2622666E}.Release|Any CPU.ActiveCfg = Release|Any CPU
		{7B395969-D3DC-4AA5-9849-848E2622666E}.Release|Any CPU.Build.0 = Release|Any CPU
		{D9B4B580-0BE2-4A4F-B116-925B96EAFE53}.Debug|Any CPU.ActiveCfg = Debug|Any CPU
		{D9B4B580-0BE2-4A4F-B116-925B96EAFE53}.Debug|Any CPU.Build.0 = Debug|Any CPU
		{D9B4B580-0BE2-4A4F-B116-925B96EAFE53}.Release|Any CPU.ActiveCfg = Release|Any CPU
		{D9B4B580-0BE2-4A4F-B116-925B96EAFE53}.Release|Any CPU.Build.0 = Release|Any CPU
		{FE8DC5E3-D002-47C3-8443-02E00CCEB15D}.Debug|Any CPU.ActiveCfg = Debug|Any CPU
		{FE8DC5E3-D002-47C3-8443-02E00CCEB15D}.Debug|Any CPU.Build.0 = Debug|Any CPU
		{FE8DC5E3-D002-47C3-8443-02E00CCEB15D}.Release|Any CPU.ActiveCfg = Release|Any CPU
		{FE8DC5E3-D002-47C3-8443-02E00CCEB15D}.Release|Any CPU.Build.0 = Release|Any CPU
	EndGlobalSection
	GlobalSection(SolutionProperties) = preSolution
		HideSolutionNode = FALSE
	EndGlobalSection
	GlobalSection(ExtensibilityGlobals) = postSolution
		SolutionGuid = {1CC525D9-AEC9-4393-AD21-D20851CFE726}
	EndGlobalSection
EndGlobal
